
Microsoft Visual Studio Solution File, Format Version 12.00
# Visual Studio 15
VisualStudioVersion = 15.0.27428.2015
MinimumVisualStudioVersion = 10.0.40219.1
Project("{9A19103F-16F7-4668-BE54-9A1E7A4F7556}") = "Generics_Tests", "Generics_Tests\Generics_Tests.csproj", "{692DFBC9-690E-46EF-BB4B-36BC5C32B464}"
EndProject
Project("{FAE04EC0-301F-11D3-BF4B-00C04F79EFBC}") = "Conversions", "Conversions\Conversions.csproj", "{F7A8F9C4-0AA1-4100-A142-30FDEA4A7ABB}"
EndProject
Global
	GlobalSection(SolutionConfigurationPlatforms) = preSolution
		Debug|Any CPU = Debug|Any CPU
		Release|Any CPU = Release|Any CPU
	EndGlobalSection
	GlobalSection(ProjectConfigurationPlatforms) = postSolution
		{692DFBC9-690E-46EF-BB4B-36BC5C32B464}.Debug|Any CPU.ActiveCfg = Debug|Any CPU
		{692DFBC9-690E-46EF-BB4B-36BC5C32B464}.Debug|Any CPU.Build.0 = Debug|Any CPU
		{692DFBC9-690E-46EF-BB4B-36BC5C32B464}.Release|Any CPU.ActiveCfg = Release|Any CPU
		{692DFBC9-690E-46EF-BB4B-36BC5C32B464}.Release|Any CPU.Build.0 = Release|Any CPU
		{F7A8F9C4-0AA1-4100-A142-30FDEA4A7ABB}.Debug|Any CPU.ActiveCfg = Debug|Any CPU
		{F7A8F9C4-0AA1-4100-A142-30FDEA4A7ABB}.Debug|Any CPU.Build.0 = Debug|Any CPU
		{F7A8F9C4-0AA1-4100-A142-30FDEA4A7ABB}.Release|Any CPU.ActiveCfg = Release|Any CPU
		{F7A8F9C4-0AA1-4100-A142-30FDEA4A7ABB}.Release|Any CPU.Build.0 = Release|Any CPU
	EndGlobalSection
	GlobalSection(SolutionProperties) = preSolution
		HideSolutionNode = FALSE
	EndGlobalSection
	GlobalSection(ExtensibilityGlobals) = postSolution
		SolutionGuid = {CF76ADDC-892F-4DE5-8EC4-60CD599BFED2}
	EndGlobalSection
EndGlobal
